
Microsoft Visual Studio Solution File, Format Version 12.00
# Visual Studio Version 16
VisualStudioVersion = 16.0.31005.135
MinimumVisualStudioVersion = 10.0.40219.1
Project("{9A19103F-16F7-4668-BE54-9A1E7A4F7556}") = "SearchAlgoTest", "SearchAlgoTest.csproj", "{5A929152-50B6-4DA7-9229-D471F01DE301}"
EndProject
Global
	GlobalSection(SolutionConfigurationPlatforms) = preSolution
		Debug|Any CPU = Debug|Any CPU
		Release|Any CPU = Release|Any CPU
	EndGlobalSection
	GlobalSection(ProjectConfigurationPlatforms) = postSolution
		{5A929152-50B6-4DA7-9229-D471F01DE301}.Debug|Any CPU.ActiveCfg = Debug|Any CPU
		{5A929152-50B6-4DA7-9229-D471F01DE301}.Debug|Any CPU.Build.0 = Debug|Any CPU
		{5A929152-50B6-4DA7-9229-D471F01DE301}.Release|Any CPU.ActiveCfg = Release|Any CPU
		{5A929152-50B6-4DA7-9229-D471F01DE301}.Release|Any CPU.Build.0 = Release|Any CPU
	EndGlobalSection
	GlobalSection(SolutionProperties) = preSolution
		HideSolutionNode = FALSE
	EndGlobalSection
	GlobalSection(ExtensibilityGlobals) = postSolution
		SolutionGuid = {513F0307-98E7-4A3F-AD51-84D78E5C47CD}
	EndGlobalSection
EndGlobal
